
Microsoft Visual Studio Solution File, Format Version 12.00
# Visual Studio Version 16
VisualStudioVersion = 16.0.30309.148
MinimumVisualStudioVersion = 10.0.40219.1
Project("{FAE04EC0-301F-11D3-BF4B-00C04F79EFBC}") = "Std.Mdm.Engine", "Std.Mdm.Engine\Std.Mdm.Engine.csproj", "{1A018F07-8E19-4C20-944C-A21929E2E69E}"
EndProject
Global
	GlobalSection(SolutionConfigurationPlatforms) = preSolution
		Debug|Any CPU = Debug|Any CPU
		Release|Any CPU = Release|Any CPU
	EndGlobalSection
	GlobalSection(ProjectConfigurationPlatforms) = postSolution
		{1A018F07-8E19-4C20-944C-A21929E2E69E}.Debug|Any CPU.ActiveCfg = Debug|Any CPU
		{1A018F07-8E19-4C20-944C-A21929E2E69E}.Debug|Any CPU.Build.0 = Debug|Any CPU
		{1A018F07-8E19-4C20-944C-A21929E2E69E}.Release|Any CPU.ActiveCfg = Release|Any CPU
		{1A018F07-8E19-4C20-944C-A21929E2E69E}.Release|Any CPU.Build.0 = Release|Any CPU
	EndGlobalSection
	GlobalSection(SolutionProperties) = preSolution
		HideSolutionNode = FALSE
	EndGlobalSection
	GlobalSection(ExtensibilityGlobals) = postSolution
		SolutionGuid = {39820FB1-3B3A-407C-AA14-F00A953F74A3}
	EndGlobalSection
EndGlobal
